{
  "name": "dashboard",
  "version": "0.1.0",
  "lockfileVersion": 2,
  "requires": true,
  "packages": {
    "": {
      "name": "dashboard",
      "version": "0.1.0",
      "dependencies": {
        "apollo-client": "2.3.5",
        "graphql": "0.13.2",
        "react": "16.6.0",
        "react-apollo": "^2.5.0"
      }
    },
    "node_modules/@types/async": {
      "version": "2.0.49",
      "resolved": "http://registry.npmjs.org/@types/async/-/async-2.0.49.tgz",
      "integrity": "sha512-Benr3i5odUkvpFkOpzGqrltGdbSs+EVCkEBGXbuR7uT0VzhXKIkhem6PDzHdx5EonA+rfbB3QvP6aDOw5+zp5Q==",
      "optional": true
    },
    "node_modules/@types/zen-observable": {
      "version": "0.5.4",
      "resolved": "https://registry.npmjs.org/@types/zen-observable/-/zen-observable-0.5.4.tgz",
      "integrity": "sha512-sW6xN96wUak4tgc89d0tbTg7QDGYhGv5hvQIS6h4mRCd8h2btiZ80loPU8cyLwsBbA4ZeQt0FjvUhJ4rNhdsGg=="
    },
    "node_modules/@wry/equality": {
      "version": "0.1.11",
      "resolved": "https://registry.npmjs.org/@wry/equality/-/equality-0.1.11.tgz",
      "integrity": "sha512-mwEVBDUVODlsQQ5dfuLUS5/Tf7jqUKyhKYHmVi4fPB6bDMOfWvUPJmKgS1Z7Za/sOI3vzWt4+O7yCiL/70MogA==",
      "license": "MIT",
      "dependencies": {
        "tslib": "^1.9.3"
      }
    },
    "node_modules/apollo-cache": {
      "version": "1.1.20",
      "resolved": "https://registry.npmjs.org/apollo-cache/-/apollo-cache-1.1.20.tgz",
      "integrity": "sha512-+Du0/4kUSuf5PjPx0+pvgMGV12ezbHA8/hubYuqRQoy/4AWb4faa61CgJNI6cKz2mhDd9m94VTNKTX11NntwkQ==",
      "dependencies": {
        "apollo-utilities": "^1.0.25"
      }
    },
    "node_modules/apollo-client": {
      "version": "2.3.5",
      "resolved": "https://registry.npmjs.org/apollo-client/-/apollo-client-2.3.5.tgz",
      "integrity": "sha512-FYg+Mj/HWSaO/ZllT5JnyHGUhkFhZ+UOdEvJd/DYKjxHNPal/d3jyXtG947r4IhUqPmmxXsAXNwvJGPieBKJGg==",
      "dependencies": {
        "@types/zen-observable": "^0.5.3",
        "apollo-cache": "^1.1.12",
        "apollo-link": "^1.0.0",
        "apollo-link-dedup": "^1.0.0",
        "apollo-utilities": "^1.0.16",
        "symbol-observable": "^1.0.2",
        "zen-observable": "^0.8.0"
      },
      "optionalDependencies": {
        "@types/async": "2.0.49"
      }
    },
    "node_modules/apollo-link": {
      "version": "1.2.3",
      "resolved": "https://registry.npmjs.org/apollo-link/-/apollo-link-1.2.3.tgz",
      "integrity": "sha512-iL9yS2OfxYhigme5bpTbmRyC+Htt6tyo2fRMHT3K1XRL/C5IQDDz37OjpPy4ndx7WInSvfSZaaOTKFja9VWqSw==",
      "dependencies": {
        "apollo-utilities": "^1.0.0",
        "zen-observable-ts": "^0.8.10"
      }
    },
    "node_modules/apollo-link-dedup": {
      "version": "1.0.10",
      "resolved": "https://registry.npmjs.org/apollo-link-dedup/-/apollo-link-dedup-1.0.10.tgz",
      "integrity": "sha512-tpUI9lMZsidxdNygSY1FxflXEkUZnvKRkMUsXXuQUNoSLeNtEvUX7QtKRAl4k9ubLl8JKKc9X3L3onAFeGTK8w==",
      "dependencies": {
        "apollo-link": "^1.2.3"
      }
    },
    "node_modules/apollo-utilities": {
      "version": "1.3.4",
      "resolved": "https://registry.npmjs.org/apollo-utilities/-/apollo-utilities-1.3.4.tgz",
      "integrity": "sha512-pk2hiWrCXMAy2fRPwEyhvka+mqwzeP60Jr1tRYi5xru+3ko94HI9o6lK0CT33/w4RDlxWchmdhDCrvdr+pHCig==",
      "license": "MIT",
      "dependencies": {
        "@wry/equality": "^0.1.2",
        "fast-json-stable-stringify": "^2.0.0",
        "ts-invariant": "^0.4.0",
        "tslib": "^1.10.0"
      },
      "peerDependencies": {
        "graphql": "^0.11.0 || ^0.12.0 || ^0.13.0 || ^14.0.0 || ^15.0.0"
      }
    },
    "node_modules/apollo-utilities/node_modules/ts-invariant": {
      "version": "0.4.4",
      "resolved": "https://registry.npmjs.org/ts-invariant/-/ts-invariant-0.4.4.tgz",
      "integrity": "sha512-uEtWkFM/sdZvRNNDL3Ehu4WVpwaulhwQszV8mrtcdeE8nN00BV9mAmQ88RkrBhFgl9gMgvjJLAQcZbnPXI9mlA==",
      "license": "MIT",
      "dependencies": {
        "tslib": "^1.9.3"
      }
    },
    "node_modules/fast-json-stable-stringify": {
      "version": "2.0.0",
      "resolved": "https://registry.npmjs.org/fast-json-stable-stringify/-/fast-json-stable-stringify-2.0.0.tgz",
      "integrity": "sha1-1RQsDK7msRifh9OnYREGT4bIu/I="
    },
    "node_modules/graphql": {
      "version": "0.13.2",
      "resolved": "http://registry.npmjs.org/graphql/-/graphql-0.13.2.tgz",
      "integrity": "sha512-QZ5BL8ZO/B20VA8APauGBg3GyEgZ19eduvpLWoq5x7gMmWnHoy8rlQWPLmWgFvo1yNgjSEFMesmS4R6pPr7xog==",
      "dependencies": {
        "iterall": "^1.2.1"
      }
    },
    "node_modules/hoist-non-react-statics": {
      "version": "3.3.2",
      "resolved": "https://registry.npmjs.org/hoist-non-react-statics/-/hoist-non-react-statics-3.3.2.tgz",
      "integrity": "sha512-/gGivxi8JPKWNm/W0jSmzcMPpfpPLc3dY/6GxhX2hQ9iGj3aDfklV4ET7NjKpSinLpJ5vafa9iiGIEZg10SfBw==",
      "license": "BSD-3-Clause",
      "dependencies": {
        "react-is": "^16.7.0"
      }
    },
    "node_modules/iterall": {
      "version": "1.2.2",
      "resolved": "https://registry.npmjs.org/iterall/-/iterall-1.2.2.tgz",
      "integrity": "sha512-yynBb1g+RFUPY64fTrFv7nsjRrENBQJaX2UL+2Szc9REFrSNm1rpSXHGzhmAy7a9uv3vlvgBlXnf9RqmPH1/DA=="
    },
    "node_modules/js-tokens": {
      "version": "4.0.0",
      "resolved": "https://registry.npmjs.org/js-tokens/-/js-tokens-4.0.0.tgz",
      "integrity": "sha512-RdJUflcE3cUzKiMqQgsCu06FPu9UdIJO0beYbPhHN4k6apgJtifcoCtT9bcxOpYBtpD2kCM6Sbzg4CausW/PKQ=="
    },
    "node_modules/lodash.isequal": {
      "version": "4.5.0",
      "resolved": "https://registry.npmjs.org/lodash.isequal/-/lodash.isequal-4.5.0.tgz",
      "integrity": "sha512-pDo3lu8Jhfjqls6GkMgpahsF9kCyayhgykjyLMNFTKWrpVdAQtYyB4muAMWozBB4ig/dtWAmsMxLEI8wuz+DYQ==",
      "license": "MIT"
    },
    "node_modules/loose-envify": {
      "version": "1.4.0",
      "resolved": "https://registry.npmjs.org/loose-envify/-/loose-envify-1.4.0.tgz",
      "integrity": "sha512-lyuxPGr/Wfhrlem2CL/UcnUc1zcqKAImBDzukY7Y5F/yQiNdko6+fRLevlw1HgMySw7f611UIY408EtxRSoK3Q==",
      "dependencies": {
        "js-tokens": "^3.0.0 || ^4.0.0"
      },
      "bin": {
        "loose-envify": "cli.js"
      }
    },
    "node_modules/object-assign": {
      "version": "4.1.1",
      "resolved": "https://registry.npmjs.org/object-assign/-/object-assign-4.1.1.tgz",
      "integrity": "sha1-IQmtx5ZYh8/AXLvUQsrIv7s2CGM=",
      "engines": {
        "node": ">=0.10.0"
      }
    },
    "node_modules/prop-types": {
      "version": "15.6.2",
      "resolved": "https://registry.npmjs.org/prop-types/-/prop-types-15.6.2.tgz",
      "integrity": "sha512-3pboPvLiWD7dkI3qf3KbUe6hKFKa52w+AE0VCqECtf+QHAKgOL37tTaNCnuX1nAAQ4ZhyP+kYVKf8rLmJ/feDQ==",
      "dependencies": {
        "loose-envify": "^1.3.1",
        "object-assign": "^4.1.1"
      }
    },
    "node_modules/react": {
      "version": "16.6.0",
      "resolved": "https://registry.npmjs.org/react/-/react-16.6.0.tgz",
      "integrity": "sha512-zJPnx/jKtuOEXCbQ9BKaxDMxR0001/hzxXwYxG8septeyYGfsgAei6NgfbVgOhbY1WOP2o3VPs/E9HaN+9hV3Q==",
      "dependencies": {
        "loose-envify": "^1.1.0",
        "object-assign": "^4.1.1",
        "prop-types": "^15.6.2",
        "scheduler": "^0.10.0"
      },
      "engines": {
        "node": ">=0.10.0"
      }
    },
    "node_modules/react-apollo": {
      "version": "2.5.0",
      "resolved": "https://registry.npmjs.org/react-apollo/-/react-apollo-2.5.0.tgz",
      "integrity": "sha512-AlLPEY7zCRaEiaolBU3HnpfZXmiPUZEPBY8tuK8El7xHgBPAlmURpirFF00BjvZmcU4TP54ghYYrKreuCGCfyw==",
      "license": "MIT",
      "dependencies": {
        "apollo-utilities": "^1.2.0",
        "hoist-non-react-statics": "^3.0.0",
        "lodash.isequal": "^4.5.0",
        "prop-types": "^15.6.0",
        "ts-invariant": "^0.2.1",
        "tslib": "^1.9.3"
      },
      "peerDependencies": {
        "apollo-client": "^2.5.0",
        "graphql": "^0.11.0 || ^0.12.0 || ^0.13.0 || ^14.0.0",
        "react": "^15.0.0 || ^16.0.0",
        "react-dom": "^15.0.0 || ^16.0.0"
      }
    },
    "node_modules/react-dom": {
      "version": "16.14.0",
      "resolved": "https://registry.npmjs.org/react-dom/-/react-dom-16.14.0.tgz",
      "integrity": "sha512-1gCeQXDLoIqMgqD3IO2Ah9bnf0w9kzhwN5q4FGnHZ67hBm9yePzB5JJAIQCc8x3pFnNlwFq4RidZggNAAkzWWw==",
      "license": "MIT",
      "peer": true,
      "dependencies": {
        "loose-envify": "^1.1.0",
        "object-assign": "^4.1.1",
        "prop-types": "^15.6.2",
        "scheduler": "^0.19.1"
      },
      "peerDependencies": {
        "react": "^16.14.0"
      }
    },
    "node_modules/react-dom/node_modules/scheduler": {
      "version": "0.19.1",
      "resolved": "https://registry.npmjs.org/scheduler/-/scheduler-0.19.1.tgz",
      "integrity": "sha512-n/zwRWRYSUj0/3g/otKDRPMh6qv2SYMWNq85IEa8iZyAv8od9zDYpGSnpBEjNgcMNq6Scbu5KfIPxNF72R/2EA==",
      "license": "MIT",
      "peer": true,
      "dependencies": {
        "loose-envify": "^1.1.0",
        "object-assign": "^4.1.1"
      }
    },
    "node_modules/react-is": {
      "version": "16.13.1",
      "resolved": "https://registry.npmjs.org/react-is/-/react-is-16.13.1.tgz",
      "integrity": "sha512-24e6ynE2H+OKt4kqsOvNd8kBpV65zoxbA4BVsEOB3ARVWQki/DHzaUoC5KuON/BiccDaCCTZBuOcfZs70kR8bQ==",
      "license": "MIT"
    },
    "node_modules/scheduler": {
      "version": "0.10.0",
      "resolved": "https://registry.npmjs.org/scheduler/-/scheduler-0.10.0.tgz",
      "integrity": "sha512-+TSTVTCBAA3h8Anei3haDc1IRwMeDmtI/y/o3iBe3Mjl2vwYF9DtPDt929HyRmV/e7au7CLu8sc4C4W0VOs29w==",
      "dependencies": {
        "loose-envify": "^1.1.0",
        "object-assign": "^4.1.1"
      }
    },
    "node_modules/symbol-observable": {
      "version": "1.2.0",
      "resolved": "https://registry.npmjs.org/symbol-observable/-/symbol-observable-1.2.0.tgz",
      "integrity": "sha512-e900nM8RRtGhlV36KGEU9k65K3mPb1WV70OdjfxlG2EAuM1noi/E/BaW/uMhL7bPEssK8QV57vN3esixjUvcXQ==",
      "engines": {
        "node": ">=0.10.0"
      }
    },
    "node_modules/ts-invariant": {
      "version": "0.2.1",
      "resolved": "https://registry.npmjs.org/ts-invariant/-/ts-invariant-0.2.1.tgz",
      "integrity": "sha512-Z/JSxzVmhTo50I+LKagEISFJW3pvPCqsMWLamCTX8Kr3N5aMrnGOqcflbe5hLUzwjvgPfnLzQtHZv0yWQ+FIHg==",
      "license": "MIT",
      "dependencies": {
        "tslib": "^1.9.3"
      }
    },
    "node_modules/tslib": {
      "version": "1.14.1",
      "resolved": "https://registry.npmjs.org/tslib/-/tslib-1.14.1.tgz",
      "integrity": "sha512-Xni35NKzjgMrwevysHTCArtLDpPvye8zV/0E4EyYn43P7/7qvQwPh9BGkHewbMulVntbigmcT7rdX3BNo9wRJg==",
      "license": "0BSD"
    },
    "node_modules/zen-observable": {
      "version": "0.8.11",
      "resolved": "https://registry.npmjs.org/zen-observable/-/zen-observable-0.8.11.tgz",
      "integrity": "sha512-N3xXQVr4L61rZvGMpWe8XoCGX8vhU35dPyQ4fm5CY/KDlG0F75un14hjbckPXTDuKUY6V0dqR2giT6xN8Y4GEQ=="
    },
    "node_modules/zen-observable-ts": {
      "version": "0.8.10",
      "resolved": "https://registry.npmjs.org/zen-observable-ts/-/zen-observable-ts-0.8.10.tgz",
      "integrity": "sha512-5vqMtRggU/2GhePC9OU4sYEWOdvmayp2k3gjPf4F0mXwB3CSbbNznfDUvDJx9O2ZTa1EIXdJhPchQveFKwNXPQ==",
      "dependencies": {
        "zen-observable": "^0.8.0"
      }
    }
  },
  "dependencies": {
    "@types/async": {
      "version": "2.0.49",
      "resolved": "http://registry.npmjs.org/@types/async/-/async-2.0.49.tgz",
      "integrity": "sha512-Benr3i5odUkvpFkOpzGqrltGdbSs+EVCkEBGXbuR7uT0VzhXKIkhem6PDzHdx5EonA+rfbB3QvP6aDOw5+zp5Q==",
      "optional": true
    },
    "@types/zen-observable": {
      "version": "0.5.4",
      "resolved": "https://registry.npmjs.org/@types/zen-observable/-/zen-observable-0.5.4.tgz",
      "integrity": "sha512-sW6xN96wUak4tgc89d0tbTg7QDGYhGv5hvQIS6h4mRCd8h2btiZ80loPU8cyLwsBbA4ZeQt0FjvUhJ4rNhdsGg=="
    },
    "@wry/equality": {
      "version": "0.1.11",
      "resolved": "https://registry.npmjs.org/@wry/equality/-/equality-0.1.11.tgz",
      "integrity": "sha512-mwEVBDUVODlsQQ5dfuLUS5/Tf7jqUKyhKYHmVi4fPB6bDMOfWvUPJmKgS1Z7Za/sOI3vzWt4+O7yCiL/70MogA==",
      "requires": {
        "tslib": "^1.9.3"
      }
    },
    "apollo-cache": {
      "version": "1.1.20",
      "resolved": "https://registry.npmjs.org/apollo-cache/-/apollo-cache-1.1.20.tgz",
      "integrity": "sha512-+Du0/4kUSuf5PjPx0+pvgMGV12ezbHA8/hubYuqRQoy/4AWb4faa61CgJNI6cKz2mhDd9m94VTNKTX11NntwkQ==",
      "requires": {
        "apollo-utilities": "^1.0.25"
      }
    },
    "apollo-client": {
      "version": "2.3.5",
      "resolved": "https://registry.npmjs.org/apollo-client/-/apollo-client-2.3.5.tgz",
      "integrity": "sha512-FYg+Mj/HWSaO/ZllT5JnyHGUhkFhZ+UOdEvJd/DYKjxHNPal/d3jyXtG947r4IhUqPmmxXsAXNwvJGPieBKJGg==",
      "requires": {
        "@types/async": "2.0.49",
        "@types/zen-observable": "^0.5.3",
        "apollo-cache": "^1.1.12",
        "apollo-link": "^1.0.0",
        "apollo-link-dedup": "^1.0.0",
        "apollo-utilities": "^1.0.16",
        "symbol-observable": "^1.0.2",
        "zen-observable": "^0.8.0"
      }
    },
    "apollo-link": {
      "version": "1.2.3",
      "resolved": "https://registry.npmjs.org/apollo-link/-/apollo-link-1.2.3.tgz",
      "integrity": "sha512-iL9yS2OfxYhigme5bpTbmRyC+Htt6tyo2fRMHT3K1XRL/C5IQDDz37OjpPy4ndx7WInSvfSZaaOTKFja9VWqSw==",
      "requires": {
        "apollo-utilities": "^1.0.0",
        "zen-observable-ts": "^0.8.10"
      }
    },
    "apollo-link-dedup": {
      "version": "1.0.10",
      "resolved": "https://registry.npmjs.org/apollo-link-dedup/-/apollo-link-dedup-1.0.10.tgz",
      "integrity": "sha512-tpUI9lMZsidxdNygSY1FxflXEkUZnvKRkMUsXXuQUNoSLeNtEvUX7QtKRAl4k9ubLl8JKKc9X3L3onAFeGTK8w==",
      "requires": {
        "apollo-link": "^1.2.3"
      }
    },
    "apollo-utilities": {
      "version": "1.3.4",
      "resolved": "https://registry.npmjs.org/apollo-utilities/-/apollo-utilities-1.3.4.tgz",
      "integrity": "sha512-pk2hiWrCXMAy2fRPwEyhvka+mqwzeP60Jr1tRYi5xru+3ko94HI9o6lK0CT33/w4RDlxWchmdhDCrvdr+pHCig==",
      "requires": {
        "@wry/equality": "^0.1.2",
        "fast-json-stable-stringify": "^2.0.0",
        "ts-invariant": "^0.4.0",
        "tslib": "^1.10.0"
      },
      "dependencies": {
        "ts-invariant": {
          "version": "0.4.4",
          "resolved": "https://registry.npmjs.org/ts-invariant/-/ts-invariant-0.4.4.tgz",
          "integrity": "sha512-uEtWkFM/sdZvRNNDL3Ehu4WVpwaulhwQszV8mrtcdeE8nN00BV9mAmQ88RkrBhFgl9gMgvjJLAQcZbnPXI9mlA==",
          "requires": {
            "tslib": "^1.9.3"
          }
        }
      }
    },
    "fast-json-stable-stringify": {
      "version": "2.0.0",
      "resolved": "https://registry.npmjs.org/fast-json-stable-stringify/-/fast-json-stable-stringify-2.0.0.tgz",
      "integrity": "sha1-1RQsDK7msRifh9OnYREGT4bIu/I="
    },
    "graphql": {
      "version": "0.13.2",
      "resolved": "http://registry.npmjs.org/graphql/-/graphql-0.13.2.tgz",
      "integrity": "sha512-QZ5BL8ZO/B20VA8APauGBg3GyEgZ19eduvpLWoq5x7gMmWnHoy8rlQWPLmWgFvo1yNgjSEFMesmS4R6pPr7xog==",
      "requires": {
        "iterall": "^1.2.1"
      }
    },
    "hoist-non-react-statics": {
      "version": "3.3.2",
      "resolved": "https://registry.npmjs.org/hoist-non-react-statics/-/hoist-non-react-statics-3.3.2.tgz",
      "integrity": "sha512-/gGivxi8JPKWNm/W0jSmzcMPpfpPLc3dY/6GxhX2hQ9iGj3aDfklV4ET7NjKpSinLpJ5vafa9iiGIEZg10SfBw==",
      "requires": {
        "react-is": "^16.7.0"
      }
    },
    "iterall": {
      "version": "1.2.2",
      "resolved": "https://registry.npmjs.org/iterall/-/iterall-1.2.2.tgz",
      "integrity": "sha512-yynBb1g+RFUPY64fTrFv7nsjRrENBQJaX2UL+2Szc9REFrSNm1rpSXHGzhmAy7a9uv3vlvgBlXnf9RqmPH1/DA=="
    },
    "js-tokens": {
      "version": "4.0.0",
      "resolved": "https://registry.npmjs.org/js-tokens/-/js-tokens-4.0.0.tgz",
      "integrity": "sha512-RdJUflcE3cUzKiMqQgsCu06FPu9UdIJO0beYbPhHN4k6apgJtifcoCtT9bcxOpYBtpD2kCM6Sbzg4CausW/PKQ=="
    },
    "lodash.isequal": {
      "version": "4.5.0",
      "resolved": "https://registry.npmjs.org/lodash.isequal/-/lodash.isequal-4.5.0.tgz",
      "integrity": "sha512-pDo3lu8Jhfjqls6GkMgpahsF9kCyayhgykjyLMNFTKWrpVdAQtYyB4muAMWozBB4ig/dtWAmsMxLEI8wuz+DYQ=="
    },
    "loose-envify": {
      "version": "1.4.0",
      "resolved": "https://registry.npmjs.org/loose-envify/-/loose-envify-1.4.0.tgz",
      "integrity": "sha512-lyuxPGr/Wfhrlem2CL/UcnUc1zcqKAImBDzukY7Y5F/yQiNdko6+fRLevlw1HgMySw7f611UIY408EtxRSoK3Q==",
      "requires": {
        "js-tokens": "^3.0.0 || ^4.0.0"
      }
    },
    "object-assign": {
      "version": "4.1.1",
      "resolved": "https://registry.npmjs.org/object-assign/-/object-assign-4.1.1.tgz",
      "integrity": "sha1-IQmtx5ZYh8/AXLvUQsrIv7s2CGM="
    },
    "prop-types": {
      "version": "15.6.2",
      "resolved": "https://registry.npmjs.org/prop-types/-/prop-types-15.6.2.tgz",
      "integrity": "sha512-3pboPvLiWD7dkI3qf3KbUe6hKFKa52w+AE0VCqECtf+QHAKgOL37tTaNCnuX1nAAQ4ZhyP+kYVKf8rLmJ/feDQ==",
      "requires": {
        "loose-envify": "^1.3.1",
        "object-assign": "^4.1.1"
      }
    },
    "react": {
      "version": "16.6.0",
      "resolved": "https://registry.npmjs.org/react/-/react-16.6.0.tgz",
      "integrity": "sha512-zJPnx/jKtuOEXCbQ9BKaxDMxR0001/hzxXwYxG8septeyYGfsgAei6NgfbVgOhbY1WOP2o3VPs/E9HaN+9hV3Q==",
      "requires": {
        "loose-envify": "^1.1.0",
        "object-assign": "^4.1.1",
        "prop-types": "^15.6.2",
        "scheduler": "^0.10.0"
      }
    },
    "react-apollo": {
      "version": "2.5.0",
      "resolved": "https://registry.npmjs.org/react-apollo/-/react-apollo-2.5.0.tgz",
      "integrity": "sha512-AlLPEY7zCRaEiaolBU3HnpfZXmiPUZEPBY8tuK8El7xHgBPAlmURpirFF00BjvZmcU4TP54ghYYrKreuCGCfyw==",
      "requires": {
        "apollo-utilities": "^1.2.0",
        "hoist-non-react-statics": "^3.0.0",
        "lodash.isequal": "^4.5.0",
        "prop-types": "^15.6.0",
        "ts-invariant": "^0.2.1",
        "tslib": "^1.9.3"
      }
    },
    "react-dom": {
      "version": "16.14.0",
      "resolved": "https://registry.npmjs.org/react-dom/-/react-dom-16.14.0.tgz",
      "integrity": "sha512-1gCeQXDLoIqMgqD3IO2Ah9bnf0w9kzhwN5q4FGnHZ67hBm9yePzB5JJAIQCc8x3pFnNlwFq4RidZggNAAkzWWw==",
      "peer": true,
      "requires": {
        "loose-envify": "^1.1.0",
        "object-assign": "^4.1.1",
        "prop-types": "^15.6.2",
        "scheduler": "^0.19.1"
      },
      "dependencies": {
        "scheduler": {
          "version": "0.19.1",
          "resolved": "https://registry.npmjs.org/scheduler/-/scheduler-0.19.1.tgz",
          "integrity": "sha512-n/zwRWRYSUj0/3g/otKDRPMh6qv2SYMWNq85IEa8iZyAv8od9zDYpGSnpBEjNgcMNq6Scbu5KfIPxNF72R/2EA==",
          "peer": true,
          "requires": {
            "loose-envify": "^1.1.0",
            "object-assign": "^4.1.1"
          }
        }
      }
    },
    "react-is": {
      "version": "16.13.1",
      "resolved": "https://registry.npmjs.org/react-is/-/react-is-16.13.1.tgz",
      "integrity": "sha512-24e6ynE2H+OKt4kqsOvNd8kBpV65zoxbA4BVsEOB3ARVWQki/DHzaUoC5KuON/BiccDaCCTZBuOcfZs70kR8bQ=="
    },
    "scheduler": {
      "version": "0.10.0",
      "resolved": "https://registry.npmjs.org/scheduler/-/scheduler-0.10.0.tgz",
      "integrity": "sha512-+TSTVTCBAA3h8Anei3haDc1IRwMeDmtI/y/o3iBe3Mjl2vwYF9DtPDt929HyRmV/e7au7CLu8sc4C4W0VOs29w==",
      "requires": {
        "loose-envify": "^1.1.0",
        "object-assign": "^4.1.1"
      }
    },
    "symbol-observable": {
      "version": "1.2.0",
      "resolved": "https://registry.npmjs.org/symbol-observable/-/symbol-observable-1.2.0.tgz",
      "integrity": "sha512-e900nM8RRtGhlV36KGEU9k65K3mPb1WV70OdjfxlG2EAuM1noi/E/BaW/uMhL7bPEssK8QV57vN3esixjUvcXQ=="
    },
    "ts-invariant": {
      "version": "0.2.1",
      "resolved": "https://registry.npmjs.org/ts-invariant/-/ts-invariant-0.2.1.tgz",
      "integrity": "sha512-Z/JSxzVmhTo50I+LKagEISFJW3pvPCqsMWLamCTX8Kr3N5aMrnGOqcflbe5hLUzwjvgPfnLzQtHZv0yWQ+FIHg==",
      "requires": {
        "tslib": "^1.9.3"
      }
    },
    "tslib": {
      "version": "1.14.1",
      "resolved": "https://registry.npmjs.org/tslib/-/tslib-1.14.1.tgz",
      "integrity": "sha512-Xni35NKzjgMrwevysHTCArtLDpPvye8zV/0E4EyYn43P7/7qvQwPh9BGkHewbMulVntbigmcT7rdX3BNo9wRJg=="
    },
    "zen-observable": {
      "version": "0.8.11",
      "resolved": "https://registry.npmjs.org/zen-observable/-/zen-observable-0.8.11.tgz",
      "integrity": "sha512-N3xXQVr4L61rZvGMpWe8XoCGX8vhU35dPyQ4fm5CY/KDlG0F75un14hjbckPXTDuKUY6V0dqR2giT6xN8Y4GEQ=="
    },
    "zen-observable-ts": {
      "version": "0.8.10",
      "resolved": "https://registry.npmjs.org/zen-observable-ts/-/zen-observable-ts-0.8.10.tgz",
      "integrity": "sha512-5vqMtRggU/2GhePC9OU4sYEWOdvmayp2k3gjPf4F0mXwB3CSbbNznfDUvDJx9O2ZTa1EIXdJhPchQveFKwNXPQ==",
      "requires": {
        "zen-observable": "^0.8.0"
      }
    }
  }
}
